// !$*UTF8*$!
{
	archiveVersion = 1;
	classes = {
	};
	objectVersion = 50;
	objects = {

/* Begin PBXBuildFile section */
		C8D3F7C125A97D0100AC147D /* eight_janApp.swift in Sources */ = {isa = PBXBuildFile; fileRef = C8D3F7C025A97D0100AC147D /* eight_janApp.swift */; };
		C8D3F7C325A97D0100AC147D /* ContentView.swift in Sources */ = {isa = PBXBuildFile; fileRef = C8D3F7C225A97D0100AC147D /* ContentView.swift */; };
		C8D3F7C525A97D0400AC147D /* Assets.xcassets in Resources */ = {isa = PBXBuildFile; fileRef = C8D3F7C425A97D0400AC147D /* Assets.xcassets */; };
		C8D3F7C825A97D0400AC147D /* Preview Assets.xcassets in Resources */ = {isa = PBXBuildFile; fileRef = C8D3F7C725A97D0400AC147D /* Preview Assets.xcassets */; };
		C8D3F7D125A9806D00AC147D /* UserGridVIew.swift in Sources */ = {isa = PBXBuildFile; fileRef = C8D3F7D025A9806D00AC147D /* UserGridVIew.swift */; };
		C8D3F7D425A982ED00AC147D /* GridController.swift in Sources */ = {isa = PBXBuildFile; fileRef = C8D3F7D325A982ED00AC147D /* GridController.swift */; };
/* End PBXBuildFile section */

/* Begin PBXFileReference section */
		C8D3F7BD25A97D0100AC147D /* eight-jan.app */ = {isa = PBXFileReference; explicitFileType = wrapper.application; includeInIndex = 0; path = "eight-jan.app"; sourceTree = BUILT_PRODUCTS_DIR; };
		C8D3F7C025A97D0100AC147D /* eight_janApp.swift */ = {isa = PBXFileReference; lastKnownFileType = sourcecode.swift; path = eight_janApp.swift; sourceTree = "<group>"; };
		C8D3F7C225A97D0100AC147D /* ContentView.swift */ = {isa = PBXFileReference; lastKnownFileType = sourcecode.swift; path = ContentView.swift; sourceTree = "<group>"; };
		C8D3F7C425A97D0400AC147D /* Assets.xcassets */ = {isa = PBXFileReference; lastKnownFileType = folder.assetcatalog; path = Assets.xcassets; sourceTree = "<group>"; };
		C8D3F7C725A97D0400AC147D /* Preview Assets.xcassets */ = {isa = PBXFileReference; lastKnownFileType = folder.assetcatalog; path = "Preview Assets.xcassets"; sourceTree = "<group>"; };
		C8D3F7C925A97D0400AC147D /* Info.plist */ = {isa = PBXFileReference; lastKnownFileType = text.plist.xml; path = Info.plist; sourceTree = "<group>"; };
		C8D3F7D025A9806D00AC147D /* UserGridVIew.swift */ = {isa = PBXFileReference; lastKnownFileType = sourcecode.swift; path = UserGridVIew.swift; sourceTree = "<group>"; };
		C8D3F7D325A982ED00AC147D /* GridController.swift */ = {isa = PBXFileReference; lastKnownFileType = sourcecode.swift; path = GridController.swift; sourceTree = "<group>"; };
/* End PBXFileReference section */

/* Begin PBXFrameworksBuildPhase section */
		C8D3F7BA25A97D0100AC147D /* Frameworks */ = {
			isa = PBXFrameworksBuildPhase;
			buildActionMask = 2147483647;
			files = (
			);
			runOnlyForDeploymentPostprocessing = 0;
		};
/* End PBXFrameworksBuildPhase section */

/* Begin PBXGroup section */
		C8D3F7B425A97D0100AC147D = {
			isa = PBXGroup;
			children = (
				C8D3F7BF25A97D0100AC147D /* eight-jan */,
				C8D3F7BE25A97D0100AC147D /* Products */,
			);
			sourceTree = "<group>";
		};
		C8D3F7BE25A97D0100AC147D /* Products */ = {
			isa = PBXGroup;
			children = (
				C8D3F7BD25A97D0100AC147D /* eight-jan.app */,
			);
			name = Products;
			sourceTree = "<group>";
		};
		C8D3F7BF25A97D0100AC147D /* eight-jan */ = {
			isa = PBXGroup;
			children = (
				C8D3F7C025A97D0100AC147D /* eight_janApp.swift */,
				C8D3F7D025A9806D00AC147D /* UserGridVIew.swift */,
				C8D3F7C225A97D0100AC147D /* ContentView.swift */,
				C8D3F7D325A982ED00AC147D /* GridController.swift */,
				C8D3F7C425A97D0400AC147D /* Assets.xcassets */,
				C8D3F7C925A97D0400AC147D /* Info.plist */,
				C8D3F7C625A97D0400AC147D /* Preview Content */,
			);
			path = "eight-jan";
			sourceTree = "<group>";
		};
		C8D3F7C625A97D0400AC147D /* Preview Content */ = {
			isa = PBXGroup;
			children = (
				C8D3F7C725A97D0400AC147D /* Preview Assets.xcassets */,
			);
			path = "Preview Content";
			sourceTree = "<group>";
		};
/* End PBXGroup section */

/* Begin PBXNativeTarget section */
		C8D3F7BC25A97D0100AC147D /* eight-jan */ = {
			isa = PBXNativeTarget;
			buildConfigurationList = C8D3F7CC25A97D0400AC147D /* Build configuration list for PBXNativeTarget "eight-jan" */;
			buildPhases = (
				C8D3F7B925A97D0100AC147D /* Sources */,
				C8D3F7BA25A97D0100AC147D /* Frameworks */,
				C8D3F7BB25A97D0100AC147D /* Resources */,
			);
			buildRules = (
			);
			dependencies = (
			);
			name = "eight-jan";
			productName = "eight-jan";
			productReference = C8D3F7BD25A97D0100AC147D /* eight-jan.app */;
			productType = "com.apple.product-type.application";
		};
/* End PBXNativeTarget section */

/* Begin PBXProject section */
		C8D3F7B525A97D0100AC147D /* Project object */ = {
			isa = PBXProject;
			attributes = {
				LastSwiftUpdateCheck = 1230;
				LastUpgradeCheck = 1230;
				TargetAttributes = {
					C8D3F7BC25A97D0100AC147D = {
						CreatedOnToolsVersion = 12.3;
					};
				};
			};
			buildConfigurationList = C8D3F7B825A97D0100AC147D /* Build configuration list for PBXProject "eight-jan" */;
			compatibilityVersion = "Xcode 9.3";
			developmentRegion = en;
			hasScannedForEncodings = 0;
			knownRegions = (
				en,
				Base,
			);
			mainGroup = C8D3F7B425A97D0100AC147D;
			productRefGroup = C8D3F7BE25A97D0100AC147D /* Products */;
			projectDirPath = "";
			projectRoot = "";
			targets = (
				C8D3F7BC25A97D0100AC147D /* eight-jan */,
			);
		};
/* End PBXProject section */

/* Begin PBXResourcesBuildPhase section */
		C8D3F7BB25A97D0100AC147D /* Resources */ = {
			isa = PBXResourcesBuildPhase;
			buildActionMask = 2147483647;
			files = (
				C8D3F7C825A97D0400AC147D /* Preview Assets.xcassets in Resources */,
				C8D3F7C525A97D0400AC147D /* Assets.xcassets in Resources */,
			);
			runOnlyForDeploymentPostprocessing = 0;
		};
/* End PBXResourcesBuildPhase section */

/* Begin PBXSourcesBuildPhase section */
		C8D3F7B925A97D0100AC147D /* Sources */ = {
			isa = PBXSourcesBuildPhase;
			buildActionMask = 2147483647;
			files = (
				C8D3F7C325A97D0100AC147D /* ContentView.swift in Sources */,
				C8D3F7D425A982ED00AC147D /* GridController.swift in Sources */,
				C8D3F7C125A97D0100AC147D /* eight_janApp.swift in Sources */,
				C8D3F7D125A9806D00AC147D /* UserGridVIew.swift in Sources */,
			);
			runOnlyForDeploymentPostprocessing = 0;
		};
/* End PBXSourcesBuildPhase section */

/* Begin XCBuildConfiguration section */
		C8D3F7CA25A97D0400AC147D /* Debug */ = {
			isa = XCBuildConfiguration;
			buildSettings = {
				ALWAYS_SEARCH_USER_PATHS = NO;
				CLANG_ANALYZER_NONNULL = YES;
				CLANG_ANALYZER_NUMBER_OBJECT_CONVERSION = YES_AGGRESSIVE;
				CLANG_CXX_LANGUAGE_STANDARD = "gnu++14";
				CLANG_CXX_LIBRARY = "libc++";
				CLANG_ENABLE_MODULES = YES;
				CLANG_ENABLE_OBJC_ARC = YES;
				CLANG_ENABLE_OBJC_WEAK = YES;
				CLANG_WARN_BLOCK_CAPTURE_AUTORELEASING = YES;
				CLANG_WARN_BOOL_CONVERSION = YES;
				CLANG_WARN_COMMA = YES;
				CLANG_WARN_CONSTANT_CONVERSION = YES;
				CLANG_WARN_DEPRECATED_OBJC_IMPLEMENTATIONS = YES;
				CLANG_WARN_DIRECT_OBJC_ISA_USAGE = YES_ERROR;
				CLANG_WARN_DOCUMENTATION_COMMENTS = YES;
				CLANG_WARN_EMPTY_BODY = YES;
				CLANG_WARN_ENUM_CONVERSION = YES;
				CLANG_WARN_INFINITE_RECURSION = YES;
				CLANG_WARN_INT_CONVERSION = YES;
				CLANG_WARN_NON_LITERAL_NULL_CONVERSION = YES;
				CLANG_WARN_OBJC_IMPLICIT_RETAIN_SELF = YES;
				CLANG_WARN_OBJC_LITERAL_CONVERSION = YES;
				CLANG_WARN_OBJC_ROOT_CLASS = YES_ERROR;
				CLANG_WARN_QUOTED_INCLUDE_IN_FRAMEWORK_HEADER = YES;
				CLANG_WARN_RANGE_LOOP_ANALYSIS = YES;
				CLANG_WARN_STRICT_PROTOTYPES = YES;
				CLANG_WARN_SUSPICIOUS_MOVE = YES;
				CLANG_WARN_UNGUARDED_AVAILABILITY = YES_AGGRESSIVE;
				CLANG_WARN_UNREACHABLE_CODE = YES;
				CLANG_WARN__DUPLICATE_METHOD_MATCH = YES;
				COPY_PHASE_STRIP = NO;
				DEBUG_INFORMATION_FORMAT = dwarf;
				ENABLE_STRICT_OBJC_MSGSEND = YES;
				ENABLE_TESTABILITY = YES;
				GCC_C_LANGUAGE_STANDARD = gnu11;
				GCC_DYNAMIC_NO_PIC = NO;
				GCC_NO_COMMON_BLOCKS = YES;
				GCC_OPTIMIZATION_LEVEL = 0;
				GCC_PREPROCESSOR_DEFINITIONS = (
					"DEBUG=1",
					"$(inherited)",
				);
				GCC_WARN_64_TO_32_BIT_CONVERSION = YES;
				GCC_WARN_ABOUT_RETURN_TYPE = YES_ERROR;
				GCC_WARN_UNDECLARED_SELECTOR = YES;
				GCC_WARN_UNINITIALIZED_AUTOS = YES_AGGRESSIVE;
				GCC_WARN_UNUSED_FUNCTION = YES;
				GCC_WARN_UNUSED_VARIABLE = YES;
				IPHONEOS_DEPLOYMENT_TARGET = 14.3;
				MTL_ENABLE_DEBUG_INFO = INCLUDE_SOURCE;
				MTL_FAST_MATH = YES;
				ONLY_ACTIVE_ARCH = YES;
				SDKROOT = iphoneos;
				SWIFT_ACTIVE_COMPILATION_CONDITIONS = DEBUG;
				SWIFT_OPTIMIZATION_LEVEL = "-Onone";
			};
			name = Debug;
		};
		C8D3F7CB25A97D0400AC147D /* Release */ = {
			isa = XCBuildConfiguration;
			buildSettings = {
				ALWAYS_SEARCH_USER_PATHS = NO;
				CLANG_ANALYZER_NONNULL = YES;
				CLANG_ANALYZER_NUMBER_OBJECT_CONVERSION = YES_AGGRESSIVE;
				CLANG_CXX_LANGUAGE_STANDARD = "gnu++14";
				CLANG_CXX_LIBRARY = "libc++";
				CLANG_ENABLE_MODULES = YES;
				CLANG_ENABLE_OBJC_ARC = YES;
				CLANG_ENABLE_OBJC_WEAK = YES;
				CLANG_WARN_BLOCK_CAPTURE_AUTORELEASING = YES;
				CLANG_WARN_BOOL_CONVERSION = YES;
				CLANG_WARN_COMMA = YES;
				CLANG_WARN_CONSTANT_CONVERSION = YES;
				CLANG_WARN_DEPRECATED_OBJC_IMPLEMENTATIONS = YES;
				CLANG_WARN_DIRECT_OBJC_ISA_USAGE = YES_ERROR;
				CLANG_WARN_DOCUMENTATION_COMMENTS = YES;
				CLANG_WARN_EMPTY_BODY = YES;
				CLANG_WARN_ENUM_CONVERSION = YES;
				CLANG_WARN_INFINITE_RECURSION = YES;
				CLANG_WARN_INT_CONVERSION = YES;
				CLANG_WARN_NON_LITERAL_NULL_CONVERSION = YES;
				CLANG_WARN_OBJC_IMPLICIT_RETAIN_SELF = YES;
				CLANG_WARN_OBJC_LITERAL_CONVERSION = YES;
				CLANG_WARN_OBJC_ROOT_CLASS = YES_ERROR;
				CLANG_WARN_QUOTED_INCLUDE_IN_FRAMEWORK_HEADER = YES;
				CLANG_WARN_RANGE_LOOP_ANALYSIS = YES;
				CLANG_WARN_STRICT_PROTOTYPES = YES;
				CLANG_WARN_SUSPICIOUS_MOVE = YES;
				CLANG_WARN_UNGUARDED_AVAILABILITY = YES_AGGRESSIVE;
				CLANG_WARN_UNREACHABLE_CODE = YES;
				CLANG_WARN__DUPLICATE_METHOD_MATCH = YES;
				COPY_PHASE_STRIP = NO;
				DEBUG_INFORMATION_FORMAT = "dwarf-with-dsym";
				ENABLE_NS_ASSERTIONS = NO;
				ENABLE_STRICT_OBJC_MSGSEND = YES;
				GCC_C_LANGUAGE_STANDARD = gnu11;
				GCC_NO_COMMON_BLOCKS = YES;
				GCC_WARN_64_TO_32_BIT_CONVERSION = YES;
				GCC_WARN_ABOUT_RETURN_TYPE = YES_ERROR;
				GCC_WARN_UNDECLARED_SELECTOR = YES;
				GCC_WARN_UNINITIALIZED_AUTOS = YES_AGGRESSIVE;
				GCC_WARN_UNUSED_FUNCTION = YES;
				GCC_WARN_UNUSED_VARIABLE = YES;
				IPHONEOS_DEPLOYMENT_TARGET = 14.3;
				MTL_ENABLE_DEBUG_INFO = NO;
				MTL_FAST_MATH = YES;
				SDKROOT = iphoneos;
				SWIFT_COMPILATION_MODE = wholemodule;
				SWIFT_OPTIMIZATION_LEVEL = "-O";
				VALIDATE_PRODUCT = YES;
			};
			name = Release;
		};
		C8D3F7CD25A97D0400AC147D /* Debug */ = {
			isa = XCBuildConfiguration;
			buildSettings = {
				ASSETCATALOG_COMPILER_APPICON_NAME = AppIcon;
				ASSETCATALOG_COMPILER_GLOBAL_ACCENT_COLOR_NAME = AccentColor;
				CODE_SIGN_STYLE = Automatic;
				DEVELOPMENT_ASSET_PATHS = "\"eight-jan/Preview Content\"";
				DEVELOPMENT_TEAM = V9L34YUA72;
				ENABLE_PREVIEWS = YES;
				INFOPLIST_FILE = "eight-jan/Info.plist";
				IPHONEOS_DEPLOYMENT_TARGET = 14.0;
				LD_RUNPATH_SEARCH_PATHS = (
					"$(inherited)",
					"@executable_path/Frameworks",
				);
				PRODUCT_BUNDLE_IDENTIFIER = "com.pcap.eight-jan";
				PRODUCT_NAME = "$(TARGET_NAME)";
				SWIFT_VERSION = 5.0;
				TARGETED_DEVICE_FAMILY = "1,2";
			};
			name = Debug;
		};
		C8D3F7CE25A97D0400AC147D /* Release */ = {
			isa = XCBuildConfiguration;
			buildSettings = {
				ASSETCATALOG_COMPILER_APPICON_NAME = AppIcon;
				ASSETCATALOG_COMPILER_GLOBAL_ACCENT_COLOR_NAME = AccentColor;
				CODE_SIGN_STYLE = Automatic;
				DEVELOPMENT_ASSET_PATHS = "\"eight-jan/Preview Content\"";
				DEVELOPMENT_TEAM = V9L34YUA72;
				ENABLE_PREVIEWS = YES;
				INFOPLIST_FILE = "eight-jan/Info.plist";
				IPHONEOS_DEPLOYMENT_TARGET = 14.0;
				LD_RUNPATH_SEARCH_PATHS = (
					"$(inherited)",
					"@executable_path/Frameworks",
				);
				PRODUCT_BUNDLE_IDENTIFIER = "com.pcap.eight-jan";
				PRODUCT_NAME = "$(TARGET_NAME)";
				SWIFT_VERSION = 5.0;
				TARGETED_DEVICE_FAMILY = "1,2";
			};
			name = Release;
		};
/* End XCBuildConfiguration section */

/* Begin XCConfigurationList section */
		C8D3F7B825A97D0100AC147D /* Build configuration list for PBXProject "eight-jan" */ = {
			isa = XCConfigurationList;
			buildConfigurations = (
				C8D3F7CA25A97D0400AC147D /* Debug */,
				C8D3F7CB25A97D0400AC147D /* Release */,
			);
			defaultConfigurationIsVisible = 0;
			defaultConfigurationName = Release;
		};
		C8D3F7CC25A97D0400AC147D /* Build configuration list for PBXNativeTarget "eight-jan" */ = {
			isa = XCConfigurationList;
			buildConfigurations = (
				C8D3F7CD25A97D0400AC147D /* Debug */,
				C8D3F7CE25A97D0400AC147D /* Release */,
			);
			defaultConfigurationIsVisible = 0;
			defaultConfigurationName = Release;
		};
/* End XCConfigurationList section */
	};
	rootObject = C8D3F7B525A97D0100AC147D /* Project object */;
}
